
Microsoft Visual Studio Solution File, Format Version 12.00
# Visual Studio Version 17
VisualStudioVersion = 17.7.34018.315
MinimumVisualStudioVersion = 10.0.40219.1
Project("{FAE04EC0-301F-11D3-BF4B-00C04F79EFBC}") = "DoAnNet", "DoAnNet\DoAnNet.csproj", "{822CBE3E-00CE-48A1-A1F9-D5CFA32C60BD}"
EndProject
Global
	GlobalSection(SolutionConfigurationPlatforms) = preSolution
		Debug|Any CPU = Debug|Any CPU
		Release|Any CPU = Release|Any CPU
	EndGlobalSection
	GlobalSection(ProjectConfigurationPlatforms) = postSolution
		{822CBE3E-00CE-48A1-A1F9-D5CFA32C60BD}.Debug|Any CPU.ActiveCfg = Debug|Any CPU
		{822CBE3E-00CE-48A1-A1F9-D5CFA32C60BD}.Debug|Any CPU.Build.0 = Debug|Any CPU
		{822CBE3E-00CE-48A1-A1F9-D5CFA32C60BD}.Release|Any CPU.ActiveCfg = Release|Any CPU
		{822CBE3E-00CE-48A1-A1F9-D5CFA32C60BD}.Release|Any CPU.Build.0 = Release|Any CPU
	EndGlobalSection
	GlobalSection(SolutionProperties) = preSolution
		HideSolutionNode = FALSE
	EndGlobalSection
	GlobalSection(ExtensibilityGlobals) = postSolution
		SolutionGuid = {07FFA8ED-2CAA-453F-8BFA-8AFD4CFBD3B9}
	EndGlobalSection
EndGlobal
